// !$*UTF8*$!
{
	archiveVersion = 1;
	classes = {
	};
	objectVersion = 55;
	objects = {

/* Begin PBXBuildFile section */
		04A657A427AD9519006F6640 /* AppDelegate.swift in Sources */ = {isa = PBXBuildFile; fileRef = 04A657A327AD9519006F6640 /* AppDelegate.swift */; };
		04A657AD27AD951B006F6640 /* Assets.xcassets in Resources */ = {isa = PBXBuildFile; fileRef = 04A657AC27AD951B006F6640 /* Assets.xcassets */; };
		04A657B027AD951B006F6640 /* LaunchScreen.storyboard in Resources */ = {isa = PBXBuildFile; fileRef = 04A657AE27AD951B006F6640 /* LaunchScreen.storyboard */; };
		04A657BD27AD95FE006F6640 /* QuizzlerCoordinator.swift in Sources */ = {isa = PBXBuildFile; fileRef = 04A657BC27AD95FE006F6640 /* QuizzlerCoordinator.swift */; };
		04A657BF27AD963A006F6640 /* QuizzlerFactory.swift in Sources */ = {isa = PBXBuildFile; fileRef = 04A657BE27AD963A006F6640 /* QuizzlerFactory.swift */; };
		04A657C127AD9674006F6640 /* QuizzlerUIView.swift in Sources */ = {isa = PBXBuildFile; fileRef = 04A657C027AD9674006F6640 /* QuizzlerUIView.swift */; };
		04A657C327AD9952006F6640 /* QuizzlerViewController.swift in Sources */ = {isa = PBXBuildFile; fileRef = 04A657C227AD9952006F6640 /* QuizzlerViewController.swift */; };
		04A657C527AD9ACD006F6640 /* GlobalConstants.swift in Sources */ = {isa = PBXBuildFile; fileRef = 04A657C427AD9ACD006F6640 /* GlobalConstants.swift */; };
		04A657C727AD9DFA006F6640 /* UIColor+Extension.swift in Sources */ = {isa = PBXBuildFile; fileRef = 04A657C627AD9DFA006F6640 /* UIColor+Extension.swift */; };
		04A657CA27AD9F45006F6640 /* Question.swift in Sources */ = {isa = PBXBuildFile; fileRef = 04A657C927AD9F45006F6640 /* Question.swift */; };
		04A657CC27ADA166006F6640 /* QuizManager.swift in Sources */ = {isa = PBXBuildFile; fileRef = 04A657CB27ADA166006F6640 /* QuizManager.swift */; };
		04A657CE27ADAA08006F6640 /* Answer.swift in Sources */ = {isa = PBXBuildFile; fileRef = 04A657CD27ADAA08006F6640 /* Answer.swift */; };
/* End PBXBuildFile section */

/* Begin PBXFileReference section */
		04A657A027AD9519006F6640 /* Quizzler_NoSB.app */ = {isa = PBXFileReference; explicitFileType = wrapper.application; includeInIndex = 0; path = Quizzler_NoSB.app; sourceTree = BUILT_PRODUCTS_DIR; };
		04A657A327AD9519006F6640 /* AppDelegate.swift */ = {isa = PBXFileReference; lastKnownFileType = sourcecode.swift; path = AppDelegate.swift; sourceTree = "<group>"; };
		04A657AC27AD951B006F6640 /* Assets.xcassets */ = {isa = PBXFileReference; lastKnownFileType = folder.assetcatalog; path = Assets.xcassets; sourceTree = "<group>"; };
		04A657AF27AD951B006F6640 /* Base */ = {isa = PBXFileReference; lastKnownFileType = file.storyboard; name = Base; path = Base.lproj/LaunchScreen.storyboard; sourceTree = "<group>"; };
		04A657B127AD951B006F6640 /* Info.plist */ = {isa = PBXFileReference; lastKnownFileType = text.plist.xml; path = Info.plist; sourceTree = "<group>"; };
		04A657BC27AD95FE006F6640 /* QuizzlerCoordinator.swift */ = {isa = PBXFileReference; lastKnownFileType = sourcecode.swift; path = QuizzlerCoordinator.swift; sourceTree = "<group>"; };
		04A657BE27AD963A006F6640 /* QuizzlerFactory.swift */ = {isa = PBXFileReference; lastKnownFileType = sourcecode.swift; path = QuizzlerFactory.swift; sourceTree = "<group>"; };
		04A657C027AD9674006F6640 /* QuizzlerUIView.swift */ = {isa = PBXFileReference; lastKnownFileType = sourcecode.swift; path = QuizzlerUIView.swift; sourceTree = "<group>"; };
		04A657C227AD9952006F6640 /* QuizzlerViewController.swift */ = {isa = PBXFileReference; lastKnownFileType = sourcecode.swift; path = QuizzlerViewController.swift; sourceTree = "<group>"; };
		04A657C427AD9ACD006F6640 /* GlobalConstants.swift */ = {isa = PBXFileReference; lastKnownFileType = sourcecode.swift; path = GlobalConstants.swift; sourceTree = "<group>"; };
		04A657C627AD9DFA006F6640 /* UIColor+Extension.swift */ = {isa = PBXFileReference; lastKnownFileType = sourcecode.swift; path = "UIColor+Extension.swift"; sourceTree = "<group>"; };
		04A657C927AD9F45006F6640 /* Question.swift */ = {isa = PBXFileReference; lastKnownFileType = sourcecode.swift; path = Question.swift; sourceTree = "<group>"; };
		04A657CB27ADA166006F6640 /* QuizManager.swift */ = {isa = PBXFileReference; lastKnownFileType = sourcecode.swift; path = QuizManager.swift; sourceTree = "<group>"; };
		04A657CD27ADAA08006F6640 /* Answer.swift */ = {isa = PBXFileReference; lastKnownFileType = sourcecode.swift; path = Answer.swift; sourceTree = "<group>"; };
/* End PBXFileReference section */

/* Begin PBXFrameworksBuildPhase section */
		04A6579D27AD9519006F6640 /* Frameworks */ = {
			isa = PBXFrameworksBuildPhase;
			buildActionMask = 2147483647;
			files = (
			);
			runOnlyForDeploymentPostprocessing = 0;
		};
/* End PBXFrameworksBuildPhase section */

/* Begin PBXGroup section */
		04A6579727AD9519006F6640 = {
			isa = PBXGroup;
			children = (
				04A657A227AD9519006F6640 /* Quizzler_NoSB */,
				04A657A127AD9519006F6640 /* Products */,
			);
			sourceTree = "<group>";
		};
		04A657A127AD9519006F6640 /* Products */ = {
			isa = PBXGroup;
			children = (
				04A657A027AD9519006F6640 /* Quizzler_NoSB.app */,
			);
			name = Products;
			sourceTree = "<group>";
		};
		04A657A227AD9519006F6640 /* Quizzler_NoSB */ = {
			isa = PBXGroup;
			children = (
				04A657C827AD9F35006F6640 /* Model */,
				04A657BB27AD9586006F6640 /* Utils */,
				04A657BA27AD957D006F6640 /* Factory */,
				04A657B927AD9572006F6640 /* Coordinator */,
				04A657B827AD956A006F6640 /* Common */,
				04A657B727AD9559006F6640 /* View */,
				04A657A327AD9519006F6640 /* AppDelegate.swift */,
				04A657AC27AD951B006F6640 /* Assets.xcassets */,
				04A657B127AD951B006F6640 /* Info.plist */,
			);
			path = Quizzler_NoSB;
			sourceTree = "<group>";
		};
		04A657B727AD9559006F6640 /* View */ = {
			isa = PBXGroup;
			children = (
				04A657AE27AD951B006F6640 /* LaunchScreen.storyboard */,
				04A657C027AD9674006F6640 /* QuizzlerUIView.swift */,
				04A657C227AD9952006F6640 /* QuizzlerViewController.swift */,
			);
			path = View;
			sourceTree = "<group>";
		};
		04A657B827AD956A006F6640 /* Common */ = {
			isa = PBXGroup;
			children = (
				04A657C627AD9DFA006F6640 /* UIColor+Extension.swift */,
			);
			path = Common;
			sourceTree = "<group>";
		};
		04A657B927AD9572006F6640 /* Coordinator */ = {
			isa = PBXGroup;
			children = (
				04A657BC27AD95FE006F6640 /* QuizzlerCoordinator.swift */,
			);
			path = Coordinator;
			sourceTree = "<group>";
		};
		04A657BA27AD957D006F6640 /* Factory */ = {
			isa = PBXGroup;
			children = (
				04A657BE27AD963A006F6640 /* QuizzlerFactory.swift */,
			);
			path = Factory;
			sourceTree = "<group>";
		};
		04A657BB27AD9586006F6640 /* Utils */ = {
			isa = PBXGroup;
			children = (
				04A657C427AD9ACD006F6640 /* GlobalConstants.swift */,
			);
			path = Utils;
			sourceTree = "<group>";
		};
		04A657C827AD9F35006F6640 /* Model */ = {
			isa = PBXGroup;
			children = (
				04A657C927AD9F45006F6640 /* Question.swift */,
				04A657CB27ADA166006F6640 /* QuizManager.swift */,
				04A657CD27ADAA08006F6640 /* Answer.swift */,
			);
			path = Model;
			sourceTree = "<group>";
		};
/* End PBXGroup section */

/* Begin PBXNativeTarget section */
		04A6579F27AD9519006F6640 /* Quizzler_NoSB */ = {
			isa = PBXNativeTarget;
			buildConfigurationList = 04A657B427AD951B006F6640 /* Build configuration list for PBXNativeTarget "Quizzler_NoSB" */;
			buildPhases = (
				04A6579C27AD9519006F6640 /* Sources */,
				04A6579D27AD9519006F6640 /* Frameworks */,
				04A6579E27AD9519006F6640 /* Resources */,
			);
			buildRules = (
			);
			dependencies = (
			);
			name = Quizzler_NoSB;
			productName = Quizzler_NoSB;
			productReference = 04A657A027AD9519006F6640 /* Quizzler_NoSB.app */;
			productType = "com.apple.product-type.application";
		};
/* End PBXNativeTarget section */

/* Begin PBXProject section */
		04A6579827AD9519006F6640 /* Project object */ = {
			isa = PBXProject;
			attributes = {
				BuildIndependentTargetsInParallel = 1;
				LastSwiftUpdateCheck = 1320;
				LastUpgradeCheck = 1320;
				TargetAttributes = {
					04A6579F27AD9519006F6640 = {
						CreatedOnToolsVersion = 13.2.1;
					};
				};
			};
			buildConfigurationList = 04A6579B27AD9519006F6640 /* Build configuration list for PBXProject "Quizzler_NoSB" */;
			compatibilityVersion = "Xcode 13.0";
			developmentRegion = en;
			hasScannedForEncodings = 0;
			knownRegions = (
				en,
				Base,
			);
			mainGroup = 04A6579727AD9519006F6640;
			productRefGroup = 04A657A127AD9519006F6640 /* Products */;
			projectDirPath = "";
			projectRoot = "";
			targets = (
				04A6579F27AD9519006F6640 /* Quizzler_NoSB */,
			);
		};
/* End PBXProject section */

/* Begin PBXResourcesBuildPhase section */
		04A6579E27AD9519006F6640 /* Resources */ = {
			isa = PBXResourcesBuildPhase;
			buildActionMask = 2147483647;
			files = (
				04A657B027AD951B006F6640 /* LaunchScreen.storyboard in Resources */,
				04A657AD27AD951B006F6640 /* Assets.xcassets in Resources */,
			);
			runOnlyForDeploymentPostprocessing = 0;
		};
/* End PBXResourcesBuildPhase section */

/* Begin PBXSourcesBuildPhase section */
		04A6579C27AD9519006F6640 /* Sources */ = {
			isa = PBXSourcesBuildPhase;
			buildActionMask = 2147483647;
			files = (
				04A657C727AD9DFA006F6640 /* UIColor+Extension.swift in Sources */,
				04A657CA27AD9F45006F6640 /* Question.swift in Sources */,
				04A657BD27AD95FE006F6640 /* QuizzlerCoordinator.swift in Sources */,
				04A657BF27AD963A006F6640 /* QuizzlerFactory.swift in Sources */,
				04A657CC27ADA166006F6640 /* QuizManager.swift in Sources */,
				04A657C127AD9674006F6640 /* QuizzlerUIView.swift in Sources */,
				04A657C327AD9952006F6640 /* QuizzlerViewController.swift in Sources */,
				04A657CE27ADAA08006F6640 /* Answer.swift in Sources */,
				04A657C527AD9ACD006F6640 /* GlobalConstants.swift in Sources */,
				04A657A427AD9519006F6640 /* AppDelegate.swift in Sources */,
			);
			runOnlyForDeploymentPostprocessing = 0;
		};
/* End PBXSourcesBuildPhase section */

/* Begin PBXVariantGroup section */
		04A657AE27AD951B006F6640 /* LaunchScreen.storyboard */ = {
			isa = PBXVariantGroup;
			children = (
				04A657AF27AD951B006F6640 /* Base */,
			);
			name = LaunchScreen.storyboard;
			sourceTree = "<group>";
		};
/* End PBXVariantGroup section */

/* Begin XCBuildConfiguration section */
		04A657B227AD951B006F6640 /* Debug */ = {
			isa = XCBuildConfiguration;
			buildSettings = {
				ALWAYS_SEARCH_USER_PATHS = NO;
				CLANG_ANALYZER_NONNULL = YES;
				CLANG_ANALYZER_NUMBER_OBJECT_CONVERSION = YES_AGGRESSIVE;
				CLANG_CXX_LANGUAGE_STANDARD = "gnu++17";
				CLANG_CXX_LIBRARY = "libc++";
				CLANG_ENABLE_MODULES = YES;
				CLANG_ENABLE_OBJC_ARC = YES;
				CLANG_ENABLE_OBJC_WEAK = YES;
				CLANG_WARN_BLOCK_CAPTURE_AUTORELEASING = YES;
				CLANG_WARN_BOOL_CONVERSION = YES;
				CLANG_WARN_COMMA = YES;
				CLANG_WARN_CONSTANT_CONVERSION = YES;
				CLANG_WARN_DEPRECATED_OBJC_IMPLEMENTATIONS = YES;
				CLANG_WARN_DIRECT_OBJC_ISA_USAGE = YES_ERROR;
				CLANG_WARN_DOCUMENTATION_COMMENTS = YES;
				CLANG_WARN_EMPTY_BODY = YES;
				CLANG_WARN_ENUM_CONVERSION = YES;
				CLANG_WARN_INFINITE_RECURSION = YES;
				CLANG_WARN_INT_CONVERSION = YES;
				CLANG_WARN_NON_LITERAL_NULL_CONVERSION = YES;
				CLANG_WARN_OBJC_IMPLICIT_RETAIN_SELF = YES;
				CLANG_WARN_OBJC_LITERAL_CONVERSION = YES;
				CLANG_WARN_OBJC_ROOT_CLASS = YES_ERROR;
				CLANG_WARN_QUOTED_INCLUDE_IN_FRAMEWORK_HEADER = YES;
				CLANG_WARN_RANGE_LOOP_ANALYSIS = YES;
				CLANG_WARN_STRICT_PROTOTYPES = YES;
				CLANG_WARN_SUSPICIOUS_MOVE = YES;
				CLANG_WARN_UNGUARDED_AVAILABILITY = YES_AGGRESSIVE;
				CLANG_WARN_UNREACHABLE_CODE = YES;
				CLANG_WARN__DUPLICATE_METHOD_MATCH = YES;
				COPY_PHASE_STRIP = NO;
				DEBUG_INFORMATION_FORMAT = dwarf;
				ENABLE_STRICT_OBJC_MSGSEND = YES;
				ENABLE_TESTABILITY = YES;
				GCC_C_LANGUAGE_STANDARD = gnu11;
				GCC_DYNAMIC_NO_PIC = NO;
				GCC_NO_COMMON_BLOCKS = YES;
				GCC_OPTIMIZATION_LEVEL = 0;
				GCC_PREPROCESSOR_DEFINITIONS = (
					"DEBUG=1",
					"$(inherited)",
				);
				GCC_WARN_64_TO_32_BIT_CONVERSION = YES;
				GCC_WARN_ABOUT_RETURN_TYPE = YES_ERROR;
				GCC_WARN_UNDECLARED_SELECTOR = YES;
				GCC_WARN_UNINITIALIZED_AUTOS = YES_AGGRESSIVE;
				GCC_WARN_UNUSED_FUNCTION = YES;
				GCC_WARN_UNUSED_VARIABLE = YES;
				IPHONEOS_DEPLOYMENT_TARGET = 15.2;
				MTL_ENABLE_DEBUG_INFO = INCLUDE_SOURCE;
				MTL_FAST_MATH = YES;
				ONLY_ACTIVE_ARCH = YES;
				SDKROOT = iphoneos;
				SWIFT_ACTIVE_COMPILATION_CONDITIONS = DEBUG;
				SWIFT_OPTIMIZATION_LEVEL = "-Onone";
			};
			name = Debug;
		};
		04A657B327AD951B006F6640 /* Release */ = {
			isa = XCBuildConfiguration;
			buildSettings = {
				ALWAYS_SEARCH_USER_PATHS = NO;
				CLANG_ANALYZER_NONNULL = YES;
				CLANG_ANALYZER_NUMBER_OBJECT_CONVERSION = YES_AGGRESSIVE;
				CLANG_CXX_LANGUAGE_STANDARD = "gnu++17";
				CLANG_CXX_LIBRARY = "libc++";
				CLANG_ENABLE_MODULES = YES;
				CLANG_ENABLE_OBJC_ARC = YES;
				CLANG_ENABLE_OBJC_WEAK = YES;
				CLANG_WARN_BLOCK_CAPTURE_AUTORELEASING = YES;
				CLANG_WARN_BOOL_CONVERSION = YES;
				CLANG_WARN_COMMA = YES;
				CLANG_WARN_CONSTANT_CONVERSION = YES;
				CLANG_WARN_DEPRECATED_OBJC_IMPLEMENTATIONS = YES;
				CLANG_WARN_DIRECT_OBJC_ISA_USAGE = YES_ERROR;
				CLANG_WARN_DOCUMENTATION_COMMENTS = YES;
				CLANG_WARN_EMPTY_BODY = YES;
				CLANG_WARN_ENUM_CONVERSION = YES;
				CLANG_WARN_INFINITE_RECURSION = YES;
				CLANG_WARN_INT_CONVERSION = YES;
				CLANG_WARN_NON_LITERAL_NULL_CONVERSION = YES;
				CLANG_WARN_OBJC_IMPLICIT_RETAIN_SELF = YES;
				CLANG_WARN_OBJC_LITERAL_CONVERSION = YES;
				CLANG_WARN_OBJC_ROOT_CLASS = YES_ERROR;
				CLANG_WARN_QUOTED_INCLUDE_IN_FRAMEWORK_HEADER = YES;
				CLANG_WARN_RANGE_LOOP_ANALYSIS = YES;
				CLANG_WARN_STRICT_PROTOTYPES = YES;
				CLANG_WARN_SUSPICIOUS_MOVE = YES;
				CLANG_WARN_UNGUARDED_AVAILABILITY = YES_AGGRESSIVE;
				CLANG_WARN_UNREACHABLE_CODE = YES;
				CLANG_WARN__DUPLICATE_METHOD_MATCH = YES;
				COPY_PHASE_STRIP = NO;
				DEBUG_INFORMATION_FORMAT = "dwarf-with-dsym";
				ENABLE_NS_ASSERTIONS = NO;
				ENABLE_STRICT_OBJC_MSGSEND = YES;
				GCC_C_LANGUAGE_STANDARD = gnu11;
				GCC_NO_COMMON_BLOCKS = YES;
				GCC_WARN_64_TO_32_BIT_CONVERSION = YES;
				GCC_WARN_ABOUT_RETURN_TYPE = YES_ERROR;
				GCC_WARN_UNDECLARED_SELECTOR = YES;
				GCC_WARN_UNINITIALIZED_AUTOS = YES_AGGRESSIVE;
				GCC_WARN_UNUSED_FUNCTION = YES;
				GCC_WARN_UNUSED_VARIABLE = YES;
				IPHONEOS_DEPLOYMENT_TARGET = 15.2;
				MTL_ENABLE_DEBUG_INFO = NO;
				MTL_FAST_MATH = YES;
				SDKROOT = iphoneos;
				SWIFT_COMPILATION_MODE = wholemodule;
				SWIFT_OPTIMIZATION_LEVEL = "-O";
				VALIDATE_PRODUCT = YES;
			};
			name = Release;
		};
		04A657B527AD951B006F6640 /* Debug */ = {
			isa = XCBuildConfiguration;
			buildSettings = {
				ASSETCATALOG_COMPILER_APPICON_NAME = AppIcon;
				ASSETCATALOG_COMPILER_GLOBAL_ACCENT_COLOR_NAME = AccentColor;
				CODE_SIGN_STYLE = Automatic;
				CURRENT_PROJECT_VERSION = 1;
				DEVELOPMENT_TEAM = P2K7ZPU98L;
				GENERATE_INFOPLIST_FILE = YES;
				INFOPLIST_FILE = Quizzler_NoSB/Info.plist;
				INFOPLIST_KEY_UIApplicationSupportsIndirectInputEvents = YES;
				INFOPLIST_KEY_UILaunchStoryboardName = LaunchScreen;
				INFOPLIST_KEY_UISupportedInterfaceOrientations_iPad = "UIInterfaceOrientationPortrait UIInterfaceOrientationPortraitUpsideDown UIInterfaceOrientationLandscapeLeft UIInterfaceOrientationLandscapeRight";
				INFOPLIST_KEY_UISupportedInterfaceOrientations_iPhone = "UIInterfaceOrientationPortrait UIInterfaceOrientationLandscapeLeft UIInterfaceOrientationLandscapeRight";
				LD_RUNPATH_SEARCH_PATHS = (
					"$(inherited)",
					"@executable_path/Frameworks",
				);
				MARKETING_VERSION = 1.0;
				PRODUCT_BUNDLE_IDENTIFIER = "com.raulpavon.Quizzler-NoSB";
				PRODUCT_NAME = "$(TARGET_NAME)";
				SWIFT_EMIT_LOC_STRINGS = YES;
				SWIFT_VERSION = 5.0;
				TARGETED_DEVICE_FAMILY = "1,2";
			};
			name = Debug;
		};
		04A657B627AD951B006F6640 /* Release */ = {
			isa = XCBuildConfiguration;
			buildSettings = {
				ASSETCATALOG_COMPILER_APPICON_NAME = AppIcon;
				ASSETCATALOG_COMPILER_GLOBAL_ACCENT_COLOR_NAME = AccentColor;
				CODE_SIGN_STYLE = Automatic;
				CURRENT_PROJECT_VERSION = 1;
				DEVELOPMENT_TEAM = P2K7ZPU98L;
				GENERATE_INFOPLIST_FILE = YES;
				INFOPLIST_FILE = Quizzler_NoSB/Info.plist;
				INFOPLIST_KEY_UIApplicationSupportsIndirectInputEvents = YES;
				INFOPLIST_KEY_UILaunchStoryboardName = LaunchScreen;
				INFOPLIST_KEY_UISupportedInterfaceOrientations_iPad = "UIInterfaceOrientationPortrait UIInterfaceOrientationPortraitUpsideDown UIInterfaceOrientationLandscapeLeft UIInterfaceOrientationLandscapeRight";
				INFOPLIST_KEY_UISupportedInterfaceOrientations_iPhone = "UIInterfaceOrientationPortrait UIInterfaceOrientationLandscapeLeft UIInterfaceOrientationLandscapeRight";
				LD_RUNPATH_SEARCH_PATHS = (
					"$(inherited)",
					"@executable_path/Frameworks",
				);
				MARKETING_VERSION = 1.0;
				PRODUCT_BUNDLE_IDENTIFIER = "com.raulpavon.Quizzler-NoSB";
				PRODUCT_NAME = "$(TARGET_NAME)";
				SWIFT_EMIT_LOC_STRINGS = YES;
				SWIFT_VERSION = 5.0;
				TARGETED_DEVICE_FAMILY = "1,2";
			};
			name = Release;
		};
/* End XCBuildConfiguration section */

/* Begin XCConfigurationList section */
		04A6579B27AD9519006F6640 /* Build configuration list for PBXProject "Quizzler_NoSB" */ = {
			isa = XCConfigurationList;
			buildConfigurations = (
				04A657B227AD951B006F6640 /* Debug */,
				04A657B327AD951B006F6640 /* Release */,
			);
			defaultConfigurationIsVisible = 0;
			defaultConfigurationName = Release;
		};
		04A657B427AD951B006F6640 /* Build configuration list for PBXNativeTarget "Quizzler_NoSB" */ = {
			isa = XCConfigurationList;
			buildConfigurations = (
				04A657B527AD951B006F6640 /* Debug */,
				04A657B627AD951B006F6640 /* Release */,
			);
			defaultConfigurationIsVisible = 0;
			defaultConfigurationName = Release;
		};
/* End XCConfigurationList section */
	};
	rootObject = 04A6579827AD9519006F6640 /* Project object */;
}
